
Microsoft Visual Studio Solution File, Format Version 12.00
Project("{2150E333-8FDC-42A3-9474-1A3956D46DE8}") = "src", "src", "{8ED774F4-D429-4B82-B768-50DCA8EFF609}"
EndProject
Project("{2150E333-8FDC-42A3-9474-1A3956D46DE8}") = "tests", "tests", "{792FFE57-F1A0-47A4-9E2A-80F75FF2F8DB}"
EndProject
Project("{FAE04EC0-301F-11D3-BF4B-00C04F79EFBC}") = "Lab1", "src\Lab1\Lab1.csproj", "{EABA4888-E6C1-4ACC-856E-FBD34CEA3EDB}"
EndProject
Project("{FAE04EC0-301F-11D3-BF4B-00C04F79EFBC}") = "Lab1.Tests", "tests\Lab1.Tests\Lab1.Tests.csproj", "{4CA1BCBB-A6F3-4ED0-9E5F-849FF093EDE1}"
EndProject
Project("{2150E333-8FDC-42A3-9474-1A3956D46DE8}") = "common", "common", "{21E20419-0C74-46BC-9D7D-A24CEEC29ACC}"
	ProjectSection(SolutionItems) = preProject
		Directory.Build.props = Directory.Build.props
		Directory.Packages.props = Directory.Packages.props
		.editorconfig = .editorconfig
	EndProjectSection
EndProject
Project("{FAE04EC0-301F-11D3-BF4B-00C04F79EFBC}") = "Lab2", "src\Lab2\Lab2.csproj", "{433B9342-A6BF-4194-8F08-727AADAE7504}"
EndProject
Project("{FAE04EC0-301F-11D3-BF4B-00C04F79EFBC}") = "Lab3", "src\Lab3\Lab3.csproj", "{43B4CD48-18D5-4EDE-80CB-86460F4C64CB}"
EndProject
Project("{FAE04EC0-301F-11D3-BF4B-00C04F79EFBC}") = "Lab4", "src\Lab4\Lab4.csproj", "{A53D3DBD-FA2D-47B4-90A9-B44AF07ADE71}"
EndProject
Project("{2150E333-8FDC-42A3-9474-1A3956D46DE8}") = "Lab5", "Lab5", "{55C309C9-B7DE-4F64-AFDE-A33F9C2AB2D4}"
EndProject
Project("{FAE04EC0-301F-11D3-BF4B-00C04F79EFBC}") = "Lab2.Tests", "tests\Lab2.Tests\Lab2.Tests.csproj", "{25D0E1F0-760B-4E76-B0D9-3EF274B35AF6}"
EndProject
Project("{FAE04EC0-301F-11D3-BF4B-00C04F79EFBC}") = "Lab3.Tests", "tests\Lab3.Tests\Lab3.Tests.csproj", "{7E5E46DB-EF55-47E6-822A-6AE20BF2FCD9}"
EndProject
Project("{FAE04EC0-301F-11D3-BF4B-00C04F79EFBC}") = "Lab4.Tests", "tests\Lab4.Tests\Lab4.Tests.csproj", "{17689E4A-FE4F-4893-8E28-3BA911DEC8D8}"
EndProject
Project("{FAE04EC0-301F-11D3-BF4B-00C04F79EFBC}") = "Lab5.Tests", "tests\Lab5.Tests\Lab5.Tests.csproj", "{FA627A62-AD7A-4A72-B15C-EC8AEFD206DB}"
EndProject
Project("{2150E333-8FDC-42A3-9474-1A3956D46DE8}") = "Application", "Application", "{DA0F5E27-771A-4FEF-9756-AB4765407C79}"
EndProject
Project("{FAE04EC0-301F-11D3-BF4B-00C04F79EFBC}") = "Itmo.ObjectOrientedProgramming.Lab5.Application.Models", "src\Lab5\Itmo.ObjectOrientedProgramming.Lab5.Application.Models\Itmo.ObjectOrientedProgramming.Lab5.Application.Models.csproj", "{1CAE664C-A195-4A6C-8A4A-61E8BDA83090}"
EndProject
Project("{FAE04EC0-301F-11D3-BF4B-00C04F79EFBC}") = "Itmo.ObjectOrientedProgramming.Lab5.Application.Abstractions", "src\Lab5\Itmo.ObjectOrientedProgramming.Lab5.Application.Abstractions\Itmo.ObjectOrientedProgramming.Lab5.Application.Abstractions.csproj", "{644A38EF-AF5F-435B-A4E4-5CED096DE998}"
EndProject
Project("{FAE04EC0-301F-11D3-BF4B-00C04F79EFBC}") = "Itmo.ObjectOrientedProgramming.Lab5.Application.Services", "src\Lab5\Itmo.ObjectOrientedProgramming.Lab5.Application.Services\Itmo.ObjectOrientedProgramming.Lab5.Application.Services.csproj", "{BAC251C5-7B9C-4AC8-8B01-8EADE1A15164}"
EndProject
Project("{FAE04EC0-301F-11D3-BF4B-00C04F79EFBC}") = "Itmo.ObjectOrientedProgramming.Lab5.Application", "src\Lab5\Itmo.ObjectOrientedProgramming.Lab5.Application\Itmo.ObjectOrientedProgramming.Lab5.Application.csproj", "{6E923F80-7911-49EC-BBAC-1F3C292428F5}"
EndProject
Project("{FAE04EC0-301F-11D3-BF4B-00C04F79EFBC}") = "Itmo.ObjectOrientedProgramming.Lab5.Infrastructure.DataAccess", "src\Lab5\Itmo.ObjectOrientedProgramming.Lab5.Infrastructure.DataAccess\Itmo.ObjectOrientedProgramming.Lab5.Infrastructure.DataAccess.csproj", "{99D5E8BA-17CB-4912-A692-DF069717E692}"
EndProject
Project("{FAE04EC0-301F-11D3-BF4B-00C04F79EFBC}") = "Itmo.ObjectOrientedProgramming.Lab5.Lab5", "src\Lab5\Itmo.ObjectOrientedProgramming.Lab5.Lab5\Itmo.ObjectOrientedProgramming.Lab5.Lab5.csproj", "{2B736FCA-0458-42DA-85A6-6986C52D0136}"
EndProject
Project("{2150E333-8FDC-42A3-9474-1A3956D46DE8}") = "Presentation", "Presentation", "{79193C24-A1AF-41D3-B0E4-329C69230D19}"
EndProject
Project("{FAE04EC0-301F-11D3-BF4B-00C04F79EFBC}") = "Itmo.ObjectOrientedProgramming.Lab5.Presentation.Presentation", "src\Lab5\Itmo.ObjectOrientedProgramming.Lab5.Presentation.Presentation\Itmo.ObjectOrientedProgramming.Lab5.Presentation.Presentation.csproj", "{FF903F69-EC20-43EE-B2DF-16C3C922E9B6}"
EndProject
Global
	GlobalSection(SolutionConfigurationPlatforms) = preSolution
		Debug|Any CPU = Debug|Any CPU
		Release|Any CPU = Release|Any CPU
	EndGlobalSection
	GlobalSection(NestedProjects) = preSolution
		{EABA4888-E6C1-4ACC-856E-FBD34CEA3EDB} = {8ED774F4-D429-4B82-B768-50DCA8EFF609}
		{4CA1BCBB-A6F3-4ED0-9E5F-849FF093EDE1} = {792FFE57-F1A0-47A4-9E2A-80F75FF2F8DB}
		{433B9342-A6BF-4194-8F08-727AADAE7504} = {8ED774F4-D429-4B82-B768-50DCA8EFF609}
		{43B4CD48-18D5-4EDE-80CB-86460F4C64CB} = {8ED774F4-D429-4B82-B768-50DCA8EFF609}
		{A53D3DBD-FA2D-47B4-90A9-B44AF07ADE71} = {8ED774F4-D429-4B82-B768-50DCA8EFF609}
		{55C309C9-B7DE-4F64-AFDE-A33F9C2AB2D4} = {8ED774F4-D429-4B82-B768-50DCA8EFF609}
		{25D0E1F0-760B-4E76-B0D9-3EF274B35AF6} = {792FFE57-F1A0-47A4-9E2A-80F75FF2F8DB}
		{7E5E46DB-EF55-47E6-822A-6AE20BF2FCD9} = {792FFE57-F1A0-47A4-9E2A-80F75FF2F8DB}
		{17689E4A-FE4F-4893-8E28-3BA911DEC8D8} = {792FFE57-F1A0-47A4-9E2A-80F75FF2F8DB}
		{FA627A62-AD7A-4A72-B15C-EC8AEFD206DB} = {792FFE57-F1A0-47A4-9E2A-80F75FF2F8DB}
		{DA0F5E27-771A-4FEF-9756-AB4765407C79} = {55C309C9-B7DE-4F64-AFDE-A33F9C2AB2D4}
		{1CAE664C-A195-4A6C-8A4A-61E8BDA83090} = {DA0F5E27-771A-4FEF-9756-AB4765407C79}
		{644A38EF-AF5F-435B-A4E4-5CED096DE998} = {DA0F5E27-771A-4FEF-9756-AB4765407C79}
		{BAC251C5-7B9C-4AC8-8B01-8EADE1A15164} = {DA0F5E27-771A-4FEF-9756-AB4765407C79}
		{6E923F80-7911-49EC-BBAC-1F3C292428F5} = {DA0F5E27-771A-4FEF-9756-AB4765407C79}
		{99D5E8BA-17CB-4912-A692-DF069717E692} = {55C309C9-B7DE-4F64-AFDE-A33F9C2AB2D4}
		{2B736FCA-0458-42DA-85A6-6986C52D0136} = {55C309C9-B7DE-4F64-AFDE-A33F9C2AB2D4}
		{79193C24-A1AF-41D3-B0E4-329C69230D19} = {55C309C9-B7DE-4F64-AFDE-A33F9C2AB2D4}
		{FF903F69-EC20-43EE-B2DF-16C3C922E9B6} = {79193C24-A1AF-41D3-B0E4-329C69230D19}
	EndGlobalSection
	GlobalSection(ProjectConfigurationPlatforms) = postSolution
		{EABA4888-E6C1-4ACC-856E-FBD34CEA3EDB}.Debug|Any CPU.ActiveCfg = Debug|Any CPU
		{EABA4888-E6C1-4ACC-856E-FBD34CEA3EDB}.Debug|Any CPU.Build.0 = Debug|Any CPU
		{EABA4888-E6C1-4ACC-856E-FBD34CEA3EDB}.Release|Any CPU.ActiveCfg = Release|Any CPU
		{EABA4888-E6C1-4ACC-856E-FBD34CEA3EDB}.Release|Any CPU.Build.0 = Release|Any CPU
		{4CA1BCBB-A6F3-4ED0-9E5F-849FF093EDE1}.Debug|Any CPU.ActiveCfg = Debug|Any CPU
		{4CA1BCBB-A6F3-4ED0-9E5F-849FF093EDE1}.Debug|Any CPU.Build.0 = Debug|Any CPU
		{4CA1BCBB-A6F3-4ED0-9E5F-849FF093EDE1}.Release|Any CPU.ActiveCfg = Release|Any CPU
		{4CA1BCBB-A6F3-4ED0-9E5F-849FF093EDE1}.Release|Any CPU.Build.0 = Release|Any CPU
		{433B9342-A6BF-4194-8F08-727AADAE7504}.Debug|Any CPU.ActiveCfg = Debug|Any CPU
		{433B9342-A6BF-4194-8F08-727AADAE7504}.Debug|Any CPU.Build.0 = Debug|Any CPU
		{433B9342-A6BF-4194-8F08-727AADAE7504}.Release|Any CPU.ActiveCfg = Release|Any CPU
		{433B9342-A6BF-4194-8F08-727AADAE7504}.Release|Any CPU.Build.0 = Release|Any CPU
		{43B4CD48-18D5-4EDE-80CB-86460F4C64CB}.Debug|Any CPU.ActiveCfg = Debug|Any CPU
		{43B4CD48-18D5-4EDE-80CB-86460F4C64CB}.Debug|Any CPU.Build.0 = Debug|Any CPU
		{43B4CD48-18D5-4EDE-80CB-86460F4C64CB}.Release|Any CPU.ActiveCfg = Release|Any CPU
		{43B4CD48-18D5-4EDE-80CB-86460F4C64CB}.Release|Any CPU.Build.0 = Release|Any CPU
		{A53D3DBD-FA2D-47B4-90A9-B44AF07ADE71}.Debug|Any CPU.ActiveCfg = Debug|Any CPU
		{A53D3DBD-FA2D-47B4-90A9-B44AF07ADE71}.Debug|Any CPU.Build.0 = Debug|Any CPU
		{A53D3DBD-FA2D-47B4-90A9-B44AF07ADE71}.Release|Any CPU.ActiveCfg = Release|Any CPU
		{A53D3DBD-FA2D-47B4-90A9-B44AF07ADE71}.Release|Any CPU.Build.0 = Release|Any CPU
		{25D0E1F0-760B-4E76-B0D9-3EF274B35AF6}.Debug|Any CPU.ActiveCfg = Debug|Any CPU
		{25D0E1F0-760B-4E76-B0D9-3EF274B35AF6}.Debug|Any CPU.Build.0 = Debug|Any CPU
		{25D0E1F0-760B-4E76-B0D9-3EF274B35AF6}.Release|Any CPU.ActiveCfg = Release|Any CPU
		{25D0E1F0-760B-4E76-B0D9-3EF274B35AF6}.Release|Any CPU.Build.0 = Release|Any CPU
		{7E5E46DB-EF55-47E6-822A-6AE20BF2FCD9}.Debug|Any CPU.ActiveCfg = Debug|Any CPU
		{7E5E46DB-EF55-47E6-822A-6AE20BF2FCD9}.Debug|Any CPU.Build.0 = Debug|Any CPU
		{7E5E46DB-EF55-47E6-822A-6AE20BF2FCD9}.Release|Any CPU.ActiveCfg = Release|Any CPU
		{7E5E46DB-EF55-47E6-822A-6AE20BF2FCD9}.Release|Any CPU.Build.0 = Release|Any CPU
		{17689E4A-FE4F-4893-8E28-3BA911DEC8D8}.Debug|Any CPU.ActiveCfg = Debug|Any CPU
		{17689E4A-FE4F-4893-8E28-3BA911DEC8D8}.Debug|Any CPU.Build.0 = Debug|Any CPU
		{17689E4A-FE4F-4893-8E28-3BA911DEC8D8}.Release|Any CPU.ActiveCfg = Release|Any CPU
		{17689E4A-FE4F-4893-8E28-3BA911DEC8D8}.Release|Any CPU.Build.0 = Release|Any CPU
		{FA627A62-AD7A-4A72-B15C-EC8AEFD206DB}.Debug|Any CPU.ActiveCfg = Debug|Any CPU
		{FA627A62-AD7A-4A72-B15C-EC8AEFD206DB}.Debug|Any CPU.Build.0 = Debug|Any CPU
		{FA627A62-AD7A-4A72-B15C-EC8AEFD206DB}.Release|Any CPU.ActiveCfg = Release|Any CPU
		{FA627A62-AD7A-4A72-B15C-EC8AEFD206DB}.Release|Any CPU.Build.0 = Release|Any CPU
		{1CAE664C-A195-4A6C-8A4A-61E8BDA83090}.Debug|Any CPU.ActiveCfg = Debug|Any CPU
		{1CAE664C-A195-4A6C-8A4A-61E8BDA83090}.Debug|Any CPU.Build.0 = Debug|Any CPU
		{1CAE664C-A195-4A6C-8A4A-61E8BDA83090}.Release|Any CPU.ActiveCfg = Release|Any CPU
		{1CAE664C-A195-4A6C-8A4A-61E8BDA83090}.Release|Any CPU.Build.0 = Release|Any CPU
		{644A38EF-AF5F-435B-A4E4-5CED096DE998}.Debug|Any CPU.ActiveCfg = Debug|Any CPU
		{644A38EF-AF5F-435B-A4E4-5CED096DE998}.Debug|Any CPU.Build.0 = Debug|Any CPU
		{644A38EF-AF5F-435B-A4E4-5CED096DE998}.Release|Any CPU.ActiveCfg = Release|Any CPU
		{644A38EF-AF5F-435B-A4E4-5CED096DE998}.Release|Any CPU.Build.0 = Release|Any CPU
		{BAC251C5-7B9C-4AC8-8B01-8EADE1A15164}.Debug|Any CPU.ActiveCfg = Debug|Any CPU
		{BAC251C5-7B9C-4AC8-8B01-8EADE1A15164}.Debug|Any CPU.Build.0 = Debug|Any CPU
		{BAC251C5-7B9C-4AC8-8B01-8EADE1A15164}.Release|Any CPU.ActiveCfg = Release|Any CPU
		{BAC251C5-7B9C-4AC8-8B01-8EADE1A15164}.Release|Any CPU.Build.0 = Release|Any CPU
		{6E923F80-7911-49EC-BBAC-1F3C292428F5}.Debug|Any CPU.ActiveCfg = Debug|Any CPU
		{6E923F80-7911-49EC-BBAC-1F3C292428F5}.Debug|Any CPU.Build.0 = Debug|Any CPU
		{6E923F80-7911-49EC-BBAC-1F3C292428F5}.Release|Any CPU.ActiveCfg = Release|Any CPU
		{6E923F80-7911-49EC-BBAC-1F3C292428F5}.Release|Any CPU.Build.0 = Release|Any CPU
		{99D5E8BA-17CB-4912-A692-DF069717E692}.Debug|Any CPU.ActiveCfg = Debug|Any CPU
		{99D5E8BA-17CB-4912-A692-DF069717E692}.Debug|Any CPU.Build.0 = Debug|Any CPU
		{99D5E8BA-17CB-4912-A692-DF069717E692}.Release|Any CPU.ActiveCfg = Release|Any CPU
		{99D5E8BA-17CB-4912-A692-DF069717E692}.Release|Any CPU.Build.0 = Release|Any CPU
		{2B736FCA-0458-42DA-85A6-6986C52D0136}.Debug|Any CPU.ActiveCfg = Debug|Any CPU
		{2B736FCA-0458-42DA-85A6-6986C52D0136}.Debug|Any CPU.Build.0 = Debug|Any CPU
		{2B736FCA-0458-42DA-85A6-6986C52D0136}.Release|Any CPU.ActiveCfg = Release|Any CPU
		{2B736FCA-0458-42DA-85A6-6986C52D0136}.Release|Any CPU.Build.0 = Release|Any CPU
		{FF903F69-EC20-43EE-B2DF-16C3C922E9B6}.Debug|Any CPU.ActiveCfg = Debug|Any CPU
		{FF903F69-EC20-43EE-B2DF-16C3C922E9B6}.Debug|Any CPU.Build.0 = Debug|Any CPU
		{FF903F69-EC20-43EE-B2DF-16C3C922E9B6}.Release|Any CPU.ActiveCfg = Release|Any CPU
		{FF903F69-EC20-43EE-B2DF-16C3C922E9B6}.Release|Any CPU.Build.0 = Release|Any CPU
	EndGlobalSection
EndGlobal
